// !$*UTF8*$!
{
	archiveVersion = 1;
	classes = {
	};
	objectVersion = 56;
	objects = {

/* Begin PBXBuildFile section */
		20111D1E2983D97C00F72872 /* AppDelegate.swift in Sources */ = {isa = PBXBuildFile; fileRef = 20111D1D2983D97C00F72872 /* AppDelegate.swift */; };
		20111D202983D97C00F72872 /* SceneDelegate.swift in Sources */ = {isa = PBXBuildFile; fileRef = 20111D1F2983D97C00F72872 /* SceneDelegate.swift */; };
		20111D222983D97C00F72872 /* ViewController.swift in Sources */ = {isa = PBXBuildFile; fileRef = 20111D212983D97C00F72872 /* ViewController.swift */; };
		20111D252983D97C00F72872 /* Main.storyboard in Resources */ = {isa = PBXBuildFile; fileRef = 20111D232983D97C00F72872 /* Main.storyboard */; };
		20111D272983D97E00F72872 /* Assets.xcassets in Resources */ = {isa = PBXBuildFile; fileRef = 20111D262983D97E00F72872 /* Assets.xcassets */; };
		20111D2A2983D97E00F72872 /* LaunchScreen.storyboard in Resources */ = {isa = PBXBuildFile; fileRef = 20111D282983D97E00F72872 /* LaunchScreen.storyboard */; };
		20E29F062984127800B0C3CC /* BangunDatar.docc in Sources */ = {isa = PBXBuildFile; fileRef = 20E29F052984127800B0C3CC /* BangunDatar.docc */; };
		20E29F0C2984127900B0C3CC /* BangunDatar.framework in Frameworks */ = {isa = PBXBuildFile; fileRef = 20E29F022984127800B0C3CC /* BangunDatar.framework */; };
		20E29F132984127900B0C3CC /* BangunDatarTests.swift in Sources */ = {isa = PBXBuildFile; fileRef = 20E29F122984127900B0C3CC /* BangunDatarTests.swift */; };
		20E29F142984127900B0C3CC /* BangunDatar.h in Headers */ = {isa = PBXBuildFile; fileRef = 20E29F042984127800B0C3CC /* BangunDatar.h */; settings = {ATTRIBUTES = (Public, ); }; };
		20E29F172984127900B0C3CC /* BangunDatar.framework in Frameworks */ = {isa = PBXBuildFile; fileRef = 20E29F022984127800B0C3CC /* BangunDatar.framework */; };
		20E29F182984127900B0C3CC /* BangunDatar.framework in Embed Frameworks */ = {isa = PBXBuildFile; fileRef = 20E29F022984127800B0C3CC /* BangunDatar.framework */; settings = {ATTRIBUTES = (CodeSignOnCopy, RemoveHeadersOnCopy, ); }; };
		20E29F202984128900B0C3CC /* PersegiPanjang.swift in Sources */ = {isa = PBXBuildFile; fileRef = 20111D7B2983F81F00F72872 /* PersegiPanjang.swift */; };
/* End PBXBuildFile section */

/* Begin PBXContainerItemProxy section */
		20E29F0D2984127900B0C3CC /* PBXContainerItemProxy */ = {
			isa = PBXContainerItemProxy;
			containerPortal = 20111D122983D97B00F72872 /* Project object */;
			proxyType = 1;
			remoteGlobalIDString = 20E29F012984127800B0C3CC;
			remoteInfo = BangunDatar;
		};
		20E29F0F2984127900B0C3CC /* PBXContainerItemProxy */ = {
			isa = PBXContainerItemProxy;
			containerPortal = 20111D122983D97B00F72872 /* Project object */;
			proxyType = 1;
			remoteGlobalIDString = 20111D192983D97C00F72872;
			remoteInfo = "Access Control";
		};
		20E29F152984127900B0C3CC /* PBXContainerItemProxy */ = {
			isa = PBXContainerItemProxy;
			containerPortal = 20111D122983D97B00F72872 /* Project object */;
			proxyType = 1;
			remoteGlobalIDString = 20E29F012984127800B0C3CC;
			remoteInfo = BangunDatar;
		};
/* End PBXContainerItemProxy section */

/* Begin PBXCopyFilesBuildPhase section */
		20E29F192984127900B0C3CC /* Embed Frameworks */ = {
			isa = PBXCopyFilesBuildPhase;
			buildActionMask = 2147483647;
			dstPath = "";
			dstSubfolderSpec = 10;
			files = (
				20E29F182984127900B0C3CC /* BangunDatar.framework in Embed Frameworks */,
			);
			name = "Embed Frameworks";
			runOnlyForDeploymentPostprocessing = 0;
		};
/* End PBXCopyFilesBuildPhase section */

/* Begin PBXFileReference section */
		20111D1A2983D97C00F72872 /* Access Control.app */ = {isa = PBXFileReference; explicitFileType = wrapper.application; includeInIndex = 0; path = "Access Control.app"; sourceTree = BUILT_PRODUCTS_DIR; };
		20111D1D2983D97C00F72872 /* AppDelegate.swift */ = {isa = PBXFileReference; lastKnownFileType = sourcecode.swift; path = AppDelegate.swift; sourceTree = "<group>"; };
		20111D1F2983D97C00F72872 /* SceneDelegate.swift */ = {isa = PBXFileReference; lastKnownFileType = sourcecode.swift; path = SceneDelegate.swift; sourceTree = "<group>"; };
		20111D212983D97C00F72872 /* ViewController.swift */ = {isa = PBXFileReference; lastKnownFileType = sourcecode.swift; path = ViewController.swift; sourceTree = "<group>"; };
		20111D242983D97C00F72872 /* Base */ = {isa = PBXFileReference; lastKnownFileType = file.storyboard; name = Base; path = Base.lproj/Main.storyboard; sourceTree = "<group>"; };
		20111D262983D97E00F72872 /* Assets.xcassets */ = {isa = PBXFileReference; lastKnownFileType = folder.assetcatalog; path = Assets.xcassets; sourceTree = "<group>"; };
		20111D292983D97E00F72872 /* Base */ = {isa = PBXFileReference; lastKnownFileType = file.storyboard; name = Base; path = Base.lproj/LaunchScreen.storyboard; sourceTree = "<group>"; };
		20111D2B2983D97E00F72872 /* Info.plist */ = {isa = PBXFileReference; lastKnownFileType = text.plist.xml; path = Info.plist; sourceTree = "<group>"; };
		20111D7B2983F81F00F72872 /* PersegiPanjang.swift */ = {isa = PBXFileReference; lastKnownFileType = sourcecode.swift; path = PersegiPanjang.swift; sourceTree = "<group>"; };
		20E29F022984127800B0C3CC /* BangunDatar.framework */ = {isa = PBXFileReference; explicitFileType = wrapper.framework; includeInIndex = 0; path = BangunDatar.framework; sourceTree = BUILT_PRODUCTS_DIR; };
		20E29F042984127800B0C3CC /* BangunDatar.h */ = {isa = PBXFileReference; lastKnownFileType = sourcecode.c.h; path = BangunDatar.h; sourceTree = "<group>"; };
		20E29F052984127800B0C3CC /* BangunDatar.docc */ = {isa = PBXFileReference; lastKnownFileType = folder.documentationcatalog; path = BangunDatar.docc; sourceTree = "<group>"; };
		20E29F0B2984127900B0C3CC /* BangunDatarTests.xctest */ = {isa = PBXFileReference; explicitFileType = wrapper.cfbundle; includeInIndex = 0; path = BangunDatarTests.xctest; sourceTree = BUILT_PRODUCTS_DIR; };
		20E29F122984127900B0C3CC /* BangunDatarTests.swift */ = {isa = PBXFileReference; lastKnownFileType = sourcecode.swift; path = BangunDatarTests.swift; sourceTree = "<group>"; };
/* End PBXFileReference section */

/* Begin PBXFrameworksBuildPhase section */
		20111D172983D97C00F72872 /* Frameworks */ = {
			isa = PBXFrameworksBuildPhase;
			buildActionMask = 2147483647;
			files = (
				20E29F172984127900B0C3CC /* BangunDatar.framework in Frameworks */,
			);
			runOnlyForDeploymentPostprocessing = 0;
		};
		20E29EFF2984127800B0C3CC /* Frameworks */ = {
			isa = PBXFrameworksBuildPhase;
			buildActionMask = 2147483647;
			files = (
			);
			runOnlyForDeploymentPostprocessing = 0;
		};
		20E29F082984127900B0C3CC /* Frameworks */ = {
			isa = PBXFrameworksBuildPhase;
			buildActionMask = 2147483647;
			files = (
				20E29F0C2984127900B0C3CC /* BangunDatar.framework in Frameworks */,
			);
			runOnlyForDeploymentPostprocessing = 0;
		};
/* End PBXFrameworksBuildPhase section */

/* Begin PBXGroup section */
		20111D112983D97B00F72872 = {
			isa = PBXGroup;
			children = (
				20111D1C2983D97C00F72872 /* Access Control */,
				20E29F032984127800B0C3CC /* BangunDatar */,
				20E29F112984127900B0C3CC /* BangunDatarTests */,
				20111D1B2983D97C00F72872 /* Products */,
			);
			sourceTree = "<group>";
		};
		20111D1B2983D97C00F72872 /* Products */ = {
			isa = PBXGroup;
			children = (
				20111D1A2983D97C00F72872 /* Access Control.app */,
				20E29F022984127800B0C3CC /* BangunDatar.framework */,
				20E29F0B2984127900B0C3CC /* BangunDatarTests.xctest */,
			);
			name = Products;
			sourceTree = "<group>";
		};
		20111D1C2983D97C00F72872 /* Access Control */ = {
			isa = PBXGroup;
			children = (
				20111D1D2983D97C00F72872 /* AppDelegate.swift */,
				20111D1F2983D97C00F72872 /* SceneDelegate.swift */,
				20111D212983D97C00F72872 /* ViewController.swift */,
				20111D232983D97C00F72872 /* Main.storyboard */,
				20111D262983D97E00F72872 /* Assets.xcassets */,
				20111D282983D97E00F72872 /* LaunchScreen.storyboard */,
				20111D2B2983D97E00F72872 /* Info.plist */,
			);
			path = "Access Control";
			sourceTree = "<group>";
		};
		20E29F032984127800B0C3CC /* BangunDatar */ = {
			isa = PBXGroup;
			children = (
				20111D7B2983F81F00F72872 /* PersegiPanjang.swift */,
				20E29F042984127800B0C3CC /* BangunDatar.h */,
				20E29F052984127800B0C3CC /* BangunDatar.docc */,
			);
			path = BangunDatar;
			sourceTree = "<group>";
		};
		20E29F112984127900B0C3CC /* BangunDatarTests */ = {
			isa = PBXGroup;
			children = (
				20E29F122984127900B0C3CC /* BangunDatarTests.swift */,
			);
			path = BangunDatarTests;
			sourceTree = "<group>";
		};
/* End PBXGroup section */

/* Begin PBXHeadersBuildPhase section */
		20E29EFD2984127800B0C3CC /* Headers */ = {
			isa = PBXHeadersBuildPhase;
			buildActionMask = 2147483647;
			files = (
				20E29F142984127900B0C3CC /* BangunDatar.h in Headers */,
			);
			runOnlyForDeploymentPostprocessing = 0;
		};
/* End PBXHeadersBuildPhase section */

/* Begin PBXNativeTarget section */
		20111D192983D97C00F72872 /* Access Control */ = {
			isa = PBXNativeTarget;
			buildConfigurationList = 20111D2E2983D97E00F72872 /* Build configuration list for PBXNativeTarget "Access Control" */;
			buildPhases = (
				20111D162983D97C00F72872 /* Sources */,
				20111D172983D97C00F72872 /* Frameworks */,
				20111D182983D97C00F72872 /* Resources */,
				20E29F192984127900B0C3CC /* Embed Frameworks */,
			);
			buildRules = (
			);
			dependencies = (
				20E29F162984127900B0C3CC /* PBXTargetDependency */,
			);
			name = "Access Control";
			productName = "Access Control";
			productReference = 20111D1A2983D97C00F72872 /* Access Control.app */;
			productType = "com.apple.product-type.application";
		};
		20E29F012984127800B0C3CC /* BangunDatar */ = {
			isa = PBXNativeTarget;
			buildConfigurationList = 20E29F1E2984127900B0C3CC /* Build configuration list for PBXNativeTarget "BangunDatar" */;
			buildPhases = (
				20E29EFD2984127800B0C3CC /* Headers */,
				20E29EFE2984127800B0C3CC /* Sources */,
				20E29EFF2984127800B0C3CC /* Frameworks */,
				20E29F002984127800B0C3CC /* Resources */,
			);
			buildRules = (
			);
			dependencies = (
			);
			name = BangunDatar;
			productName = BangunDatar;
			productReference = 20E29F022984127800B0C3CC /* BangunDatar.framework */;
			productType = "com.apple.product-type.framework";
		};
		20E29F0A2984127900B0C3CC /* BangunDatarTests */ = {
			isa = PBXNativeTarget;
			buildConfigurationList = 20E29F1F2984127900B0C3CC /* Build configuration list for PBXNativeTarget "BangunDatarTests" */;
			buildPhases = (
				20E29F072984127900B0C3CC /* Sources */,
				20E29F082984127900B0C3CC /* Frameworks */,
				20E29F092984127900B0C3CC /* Resources */,
			);
			buildRules = (
			);
			dependencies = (
				20E29F0E2984127900B0C3CC /* PBXTargetDependency */,
				20E29F102984127900B0C3CC /* PBXTargetDependency */,
			);
			name = BangunDatarTests;
			productName = BangunDatarTests;
			productReference = 20E29F0B2984127900B0C3CC /* BangunDatarTests.xctest */;
			productType = "com.apple.product-type.bundle.unit-test";
		};
/* End PBXNativeTarget section */

/* Begin PBXProject section */
		20111D122983D97B00F72872 /* Project object */ = {
			isa = PBXProject;
			attributes = {
				BuildIndependentTargetsInParallel = 1;
				LastSwiftUpdateCheck = 1420;
				LastUpgradeCheck = 1420;
				TargetAttributes = {
					20111D192983D97C00F72872 = {
						CreatedOnToolsVersion = 14.2;
					};
					20E29F012984127800B0C3CC = {
						CreatedOnToolsVersion = 14.2;
					};
					20E29F0A2984127900B0C3CC = {
						CreatedOnToolsVersion = 14.2;
						TestTargetID = 20111D192983D97C00F72872;
					};
				};
			};
			buildConfigurationList = 20111D152983D97B00F72872 /* Build configuration list for PBXProject "Access Control" */;
			compatibilityVersion = "Xcode 14.0";
			developmentRegion = en;
			hasScannedForEncodings = 0;
			knownRegions = (
				en,
				Base,
			);
			mainGroup = 20111D112983D97B00F72872;
			productRefGroup = 20111D1B2983D97C00F72872 /* Products */;
			projectDirPath = "";
			projectRoot = "";
			targets = (
				20111D192983D97C00F72872 /* Access Control */,
				20E29F012984127800B0C3CC /* BangunDatar */,
				20E29F0A2984127900B0C3CC /* BangunDatarTests */,
			);
		};
/* End PBXProject section */

/* Begin PBXResourcesBuildPhase section */
		20111D182983D97C00F72872 /* Resources */ = {
			isa = PBXResourcesBuildPhase;
			buildActionMask = 2147483647;
			files = (
				20111D2A2983D97E00F72872 /* LaunchScreen.storyboard in Resources */,
				20111D272983D97E00F72872 /* Assets.xcassets in Resources */,
				20111D252983D97C00F72872 /* Main.storyboard in Resources */,
			);
			runOnlyForDeploymentPostprocessing = 0;
		};
		20E29F002984127800B0C3CC /* Resources */ = {
			isa = PBXResourcesBuildPhase;
			buildActionMask = 2147483647;
			files = (
			);
			runOnlyForDeploymentPostprocessing = 0;
		};
		20E29F092984127900B0C3CC /* Resources */ = {
			isa = PBXResourcesBuildPhase;
			buildActionMask = 2147483647;
			files = (
			);
			runOnlyForDeploymentPostprocessing = 0;
		};
/* End PBXResourcesBuildPhase section */

/* Begin PBXSourcesBuildPhase section */
		20111D162983D97C00F72872 /* Sources */ = {
			isa = PBXSourcesBuildPhase;
			buildActionMask = 2147483647;
			files = (
				20111D222983D97C00F72872 /* ViewController.swift in Sources */,
				20111D1E2983D97C00F72872 /* AppDelegate.swift in Sources */,
				20111D202983D97C00F72872 /* SceneDelegate.swift in Sources */,
			);
			runOnlyForDeploymentPostprocessing = 0;
		};
		20E29EFE2984127800B0C3CC /* Sources */ = {
			isa = PBXSourcesBuildPhase;
			buildActionMask = 2147483647;
			files = (
				20E29F062984127800B0C3CC /* BangunDatar.docc in Sources */,
				20E29F202984128900B0C3CC /* PersegiPanjang.swift in Sources */,
			);
			runOnlyForDeploymentPostprocessing = 0;
		};
		20E29F072984127900B0C3CC /* Sources */ = {
			isa = PBXSourcesBuildPhase;
			buildActionMask = 2147483647;
			files = (
				20E29F132984127900B0C3CC /* BangunDatarTests.swift in Sources */,
			);
			runOnlyForDeploymentPostprocessing = 0;
		};
/* End PBXSourcesBuildPhase section */

/* Begin PBXTargetDependency section */
		20E29F0E2984127900B0C3CC /* PBXTargetDependency */ = {
			isa = PBXTargetDependency;
			target = 20E29F012984127800B0C3CC /* BangunDatar */;
			targetProxy = 20E29F0D2984127900B0C3CC /* PBXContainerItemProxy */;
		};
		20E29F102984127900B0C3CC /* PBXTargetDependency */ = {
			isa = PBXTargetDependency;
			target = 20111D192983D97C00F72872 /* Access Control */;
			targetProxy = 20E29F0F2984127900B0C3CC /* PBXContainerItemProxy */;
		};
		20E29F162984127900B0C3CC /* PBXTargetDependency */ = {
			isa = PBXTargetDependency;
			target = 20E29F012984127800B0C3CC /* BangunDatar */;
			targetProxy = 20E29F152984127900B0C3CC /* PBXContainerItemProxy */;
		};
/* End PBXTargetDependency section */

/* Begin PBXVariantGroup section */
		20111D232983D97C00F72872 /* Main.storyboard */ = {
			isa = PBXVariantGroup;
			children = (
				20111D242983D97C00F72872 /* Base */,
			);
			name = Main.storyboard;
			sourceTree = "<group>";
		};
		20111D282983D97E00F72872 /* LaunchScreen.storyboard */ = {
			isa = PBXVariantGroup;
			children = (
				20111D292983D97E00F72872 /* Base */,
			);
			name = LaunchScreen.storyboard;
			sourceTree = "<group>";
		};
/* End PBXVariantGroup section */

/* Begin XCBuildConfiguration section */
		20111D2C2983D97E00F72872 /* Debug */ = {
			isa = XCBuildConfiguration;
			buildSettings = {
				ALWAYS_SEARCH_USER_PATHS = NO;
				CLANG_ANALYZER_NONNULL = YES;
				CLANG_ANALYZER_NUMBER_OBJECT_CONVERSION = YES_AGGRESSIVE;
				CLANG_CXX_LANGUAGE_STANDARD = "gnu++20";
				CLANG_ENABLE_MODULES = YES;
				CLANG_ENABLE_OBJC_ARC = YES;
				CLANG_ENABLE_OBJC_WEAK = YES;
				CLANG_WARN_BLOCK_CAPTURE_AUTORELEASING = YES;
				CLANG_WARN_BOOL_CONVERSION = YES;
				CLANG_WARN_COMMA = YES;
				CLANG_WARN_CONSTANT_CONVERSION = YES;
				CLANG_WARN_DEPRECATED_OBJC_IMPLEMENTATIONS = YES;
				CLANG_WARN_DIRECT_OBJC_ISA_USAGE = YES_ERROR;
				CLANG_WARN_DOCUMENTATION_COMMENTS = YES;
				CLANG_WARN_EMPTY_BODY = YES;
				CLANG_WARN_ENUM_CONVERSION = YES;
				CLANG_WARN_INFINITE_RECURSION = YES;
				CLANG_WARN_INT_CONVERSION = YES;
				CLANG_WARN_NON_LITERAL_NULL_CONVERSION = YES;
				CLANG_WARN_OBJC_IMPLICIT_RETAIN_SELF = YES;
				CLANG_WARN_OBJC_LITERAL_CONVERSION = YES;
				CLANG_WARN_OBJC_ROOT_CLASS = YES_ERROR;
				CLANG_WARN_QUOTED_INCLUDE_IN_FRAMEWORK_HEADER = YES;
				CLANG_WARN_RANGE_LOOP_ANALYSIS = YES;
				CLANG_WARN_STRICT_PROTOTYPES = YES;
				CLANG_WARN_SUSPICIOUS_MOVE = YES;
				CLANG_WARN_UNGUARDED_AVAILABILITY = YES_AGGRESSIVE;
				CLANG_WARN_UNREACHABLE_CODE = YES;
				CLANG_WARN__DUPLICATE_METHOD_MATCH = YES;
				COPY_PHASE_STRIP = NO;
				DEBUG_INFORMATION_FORMAT = dwarf;
				ENABLE_STRICT_OBJC_MSGSEND = YES;
				ENABLE_TESTABILITY = YES;
				GCC_C_LANGUAGE_STANDARD = gnu11;
				GCC_DYNAMIC_NO_PIC = NO;
				GCC_NO_COMMON_BLOCKS = YES;
				GCC_OPTIMIZATION_LEVEL = 0;
				GCC_PREPROCESSOR_DEFINITIONS = (
					"DEBUG=1",
					"$(inherited)",
				);
				GCC_WARN_64_TO_32_BIT_CONVERSION = YES;
				GCC_WARN_ABOUT_RETURN_TYPE = YES_ERROR;
				GCC_WARN_UNDECLARED_SELECTOR = YES;
				GCC_WARN_UNINITIALIZED_AUTOS = YES_AGGRESSIVE;
				GCC_WARN_UNUSED_FUNCTION = YES;
				GCC_WARN_UNUSED_VARIABLE = YES;
				IPHONEOS_DEPLOYMENT_TARGET = 16.2;
				MTL_ENABLE_DEBUG_INFO = INCLUDE_SOURCE;
				MTL_FAST_MATH = YES;
				ONLY_ACTIVE_ARCH = YES;
				SDKROOT = iphoneos;
				SWIFT_ACTIVE_COMPILATION_CONDITIONS = DEBUG;
				SWIFT_OPTIMIZATION_LEVEL = "-Onone";
			};
			name = Debug;
		};
		20111D2D2983D97E00F72872 /* Release */ = {
			isa = XCBuildConfiguration;
			buildSettings = {
				ALWAYS_SEARCH_USER_PATHS = NO;
				CLANG_ANALYZER_NONNULL = YES;
				CLANG_ANALYZER_NUMBER_OBJECT_CONVERSION = YES_AGGRESSIVE;
				CLANG_CXX_LANGUAGE_STANDARD = "gnu++20";
				CLANG_ENABLE_MODULES = YES;
				CLANG_ENABLE_OBJC_ARC = YES;
				CLANG_ENABLE_OBJC_WEAK = YES;
				CLANG_WARN_BLOCK_CAPTURE_AUTORELEASING = YES;
				CLANG_WARN_BOOL_CONVERSION = YES;
				CLANG_WARN_COMMA = YES;
				CLANG_WARN_CONSTANT_CONVERSION = YES;
				CLANG_WARN_DEPRECATED_OBJC_IMPLEMENTATIONS = YES;
				CLANG_WARN_DIRECT_OBJC_ISA_USAGE = YES_ERROR;
				CLANG_WARN_DOCUMENTATION_COMMENTS = YES;
				CLANG_WARN_EMPTY_BODY = YES;
				CLANG_WARN_ENUM_CONVERSION = YES;
				CLANG_WARN_INFINITE_RECURSION = YES;
				CLANG_WARN_INT_CONVERSION = YES;
				CLANG_WARN_NON_LITERAL_NULL_CONVERSION = YES;
				CLANG_WARN_OBJC_IMPLICIT_RETAIN_SELF = YES;
				CLANG_WARN_OBJC_LITERAL_CONVERSION = YES;
				CLANG_WARN_OBJC_ROOT_CLASS = YES_ERROR;
				CLANG_WARN_QUOTED_INCLUDE_IN_FRAMEWORK_HEADER = YES;
				CLANG_WARN_RANGE_LOOP_ANALYSIS = YES;
				CLANG_WARN_STRICT_PROTOTYPES = YES;
				CLANG_WARN_SUSPICIOUS_MOVE = YES;
				CLANG_WARN_UNGUARDED_AVAILABILITY = YES_AGGRESSIVE;
				CLANG_WARN_UNREACHABLE_CODE = YES;
				CLANG_WARN__DUPLICATE_METHOD_MATCH = YES;
				COPY_PHASE_STRIP = NO;
				DEBUG_INFORMATION_FORMAT = "dwarf-with-dsym";
				ENABLE_NS_ASSERTIONS = NO;
				ENABLE_STRICT_OBJC_MSGSEND = YES;
				GCC_C_LANGUAGE_STANDARD = gnu11;
				GCC_NO_COMMON_BLOCKS = YES;
				GCC_WARN_64_TO_32_BIT_CONVERSION = YES;
				GCC_WARN_ABOUT_RETURN_TYPE = YES_ERROR;
				GCC_WARN_UNDECLARED_SELECTOR = YES;
				GCC_WARN_UNINITIALIZED_AUTOS = YES_AGGRESSIVE;
				GCC_WARN_UNUSED_FUNCTION = YES;
				GCC_WARN_UNUSED_VARIABLE = YES;
				IPHONEOS_DEPLOYMENT_TARGET = 16.2;
				MTL_ENABLE_DEBUG_INFO = NO;
				MTL_FAST_MATH = YES;
				SDKROOT = iphoneos;
				SWIFT_COMPILATION_MODE = wholemodule;
				SWIFT_OPTIMIZATION_LEVEL = "-O";
				VALIDATE_PRODUCT = YES;
			};
			name = Release;
		};
		20111D2F2983D97E00F72872 /* Debug */ = {
			isa = XCBuildConfiguration;
			buildSettings = {
				ALWAYS_EMBED_SWIFT_STANDARD_LIBRARIES = YES;
				ASSETCATALOG_COMPILER_APPICON_NAME = AppIcon;
				ASSETCATALOG_COMPILER_GLOBAL_ACCENT_COLOR_NAME = AccentColor;
				CODE_SIGN_STYLE = Automatic;
				CURRENT_PROJECT_VERSION = 1;
				DEVELOPMENT_TEAM = X7PX2RYRJL;
				GENERATE_INFOPLIST_FILE = YES;
				INFOPLIST_FILE = "Access Control/Info.plist";
				INFOPLIST_KEY_UIApplicationSupportsIndirectInputEvents = YES;
				INFOPLIST_KEY_UILaunchStoryboardName = LaunchScreen;
				INFOPLIST_KEY_UIMainStoryboardFile = Main;
				INFOPLIST_KEY_UISupportedInterfaceOrientations_iPad = "UIInterfaceOrientationPortrait UIInterfaceOrientationPortraitUpsideDown UIInterfaceOrientationLandscapeLeft UIInterfaceOrientationLandscapeRight";
				INFOPLIST_KEY_UISupportedInterfaceOrientations_iPhone = "UIInterfaceOrientationPortrait UIInterfaceOrientationLandscapeLeft UIInterfaceOrientationLandscapeRight";
				LD_RUNPATH_SEARCH_PATHS = (
					"$(inherited)",
					"@executable_path/Frameworks",
				);
				MARKETING_VERSION = 1.0;
				PRODUCT_BUNDLE_IDENTIFIER = "co.codeturnal.Access-Control";
				PRODUCT_NAME = "$(TARGET_NAME)";
				SWIFT_EMIT_LOC_STRINGS = YES;
				SWIFT_VERSION = 5.0;
				TARGETED_DEVICE_FAMILY = "1,2";
			};
			name = Debug;
		};
		20111D302983D97E00F72872 /* Release */ = {
			isa = XCBuildConfiguration;
			buildSettings = {
				ALWAYS_EMBED_SWIFT_STANDARD_LIBRARIES = YES;
				ASSETCATALOG_COMPILER_APPICON_NAME = AppIcon;
				ASSETCATALOG_COMPILER_GLOBAL_ACCENT_COLOR_NAME = AccentColor;
				CODE_SIGN_STYLE = Automatic;
				CURRENT_PROJECT_VERSION = 1;
				DEVELOPMENT_TEAM = X7PX2RYRJL;
				GENERATE_INFOPLIST_FILE = YES;
				INFOPLIST_FILE = "Access Control/Info.plist";
				INFOPLIST_KEY_UIApplicationSupportsIndirectInputEvents = YES;
				INFOPLIST_KEY_UILaunchStoryboardName = LaunchScreen;
				INFOPLIST_KEY_UIMainStoryboardFile = Main;
				INFOPLIST_KEY_UISupportedInterfaceOrientations_iPad = "UIInterfaceOrientationPortrait UIInterfaceOrientationPortraitUpsideDown UIInterfaceOrientationLandscapeLeft UIInterfaceOrientationLandscapeRight";
				INFOPLIST_KEY_UISupportedInterfaceOrientations_iPhone = "UIInterfaceOrientationPortrait UIInterfaceOrientationLandscapeLeft UIInterfaceOrientationLandscapeRight";
				LD_RUNPATH_SEARCH_PATHS = (
					"$(inherited)",
					"@executable_path/Frameworks",
				);
				MARKETING_VERSION = 1.0;
				PRODUCT_BUNDLE_IDENTIFIER = "co.codeturnal.Access-Control";
				PRODUCT_NAME = "$(TARGET_NAME)";
				SWIFT_EMIT_LOC_STRINGS = YES;
				SWIFT_VERSION = 5.0;
				TARGETED_DEVICE_FAMILY = "1,2";
			};
			name = Release;
		};
		20E29F1A2984127900B0C3CC /* Debug */ = {
			isa = XCBuildConfiguration;
			buildSettings = {
				CODE_SIGN_STYLE = Automatic;
				CURRENT_PROJECT_VERSION = 1;
				DEFINES_MODULE = YES;
				DEVELOPMENT_TEAM = X7PX2RYRJL;
				DYLIB_COMPATIBILITY_VERSION = 1;
				DYLIB_CURRENT_VERSION = 1;
				DYLIB_INSTALL_NAME_BASE = "@rpath";
				GENERATE_INFOPLIST_FILE = YES;
				INFOPLIST_KEY_NSHumanReadableCopyright = "";
				INSTALL_PATH = "$(LOCAL_LIBRARY_DIR)/Frameworks";
				LD_RUNPATH_SEARCH_PATHS = (
					"$(inherited)",
					"@executable_path/Frameworks",
					"@loader_path/Frameworks",
				);
				MARKETING_VERSION = 1.0;
				PRODUCT_BUNDLE_IDENTIFIER = co.codeturnal.BangunDatar;
				PRODUCT_NAME = "$(TARGET_NAME:c99extidentifier)";
				SKIP_INSTALL = YES;
				SWIFT_EMIT_LOC_STRINGS = YES;
				SWIFT_VERSION = 5.0;
				TARGETED_DEVICE_FAMILY = "1,2";
				VERSIONING_SYSTEM = "apple-generic";
				VERSION_INFO_PREFIX = "";
			};
			name = Debug;
		};
		20E29F1B2984127900B0C3CC /* Release */ = {
			isa = XCBuildConfiguration;
			buildSettings = {
				CODE_SIGN_STYLE = Automatic;
				CURRENT_PROJECT_VERSION = 1;
				DEFINES_MODULE = YES;
				DEVELOPMENT_TEAM = X7PX2RYRJL;
				DYLIB_COMPATIBILITY_VERSION = 1;
				DYLIB_CURRENT_VERSION = 1;
				DYLIB_INSTALL_NAME_BASE = "@rpath";
				GENERATE_INFOPLIST_FILE = YES;
				INFOPLIST_KEY_NSHumanReadableCopyright = "";
				INSTALL_PATH = "$(LOCAL_LIBRARY_DIR)/Frameworks";
				LD_RUNPATH_SEARCH_PATHS = (
					"$(inherited)",
					"@executable_path/Frameworks",
					"@loader_path/Frameworks",
				);
				MARKETING_VERSION = 1.0;
				PRODUCT_BUNDLE_IDENTIFIER = co.codeturnal.BangunDatar;
				PRODUCT_NAME = "$(TARGET_NAME:c99extidentifier)";
				SKIP_INSTALL = YES;
				SWIFT_EMIT_LOC_STRINGS = YES;
				SWIFT_VERSION = 5.0;
				TARGETED_DEVICE_FAMILY = "1,2";
				VERSIONING_SYSTEM = "apple-generic";
				VERSION_INFO_PREFIX = "";
			};
			name = Release;
		};
		20E29F1C2984127900B0C3CC /* Debug */ = {
			isa = XCBuildConfiguration;
			buildSettings = {
				ALWAYS_EMBED_SWIFT_STANDARD_LIBRARIES = YES;
				CODE_SIGN_STYLE = Automatic;
				CURRENT_PROJECT_VERSION = 1;
				DEVELOPMENT_TEAM = X7PX2RYRJL;
				GENERATE_INFOPLIST_FILE = YES;
				MARKETING_VERSION = 1.0;
				PRODUCT_BUNDLE_IDENTIFIER = co.codeturnal.BangunDatarTests;
				PRODUCT_NAME = "$(TARGET_NAME)";
				SWIFT_EMIT_LOC_STRINGS = NO;
				SWIFT_VERSION = 5.0;
				TARGETED_DEVICE_FAMILY = "1,2";
				TEST_HOST = "$(BUILT_PRODUCTS_DIR)/Access Control.app/$(BUNDLE_EXECUTABLE_FOLDER_PATH)/Access Control";
			};
			name = Debug;
		};
		20E29F1D2984127900B0C3CC /* Release */ = {
			isa = XCBuildConfiguration;
			buildSettings = {
				ALWAYS_EMBED_SWIFT_STANDARD_LIBRARIES = YES;
				CODE_SIGN_STYLE = Automatic;
				CURRENT_PROJECT_VERSION = 1;
				DEVELOPMENT_TEAM = X7PX2RYRJL;
				GENERATE_INFOPLIST_FILE = YES;
				MARKETING_VERSION = 1.0;
				PRODUCT_BUNDLE_IDENTIFIER = co.codeturnal.BangunDatarTests;
				PRODUCT_NAME = "$(TARGET_NAME)";
				SWIFT_EMIT_LOC_STRINGS = NO;
				SWIFT_VERSION = 5.0;
				TARGETED_DEVICE_FAMILY = "1,2";
				TEST_HOST = "$(BUILT_PRODUCTS_DIR)/Access Control.app/$(BUNDLE_EXECUTABLE_FOLDER_PATH)/Access Control";
			};
			name = Release;
		};
/* End XCBuildConfiguration section */

/* Begin XCConfigurationList section */
		20111D152983D97B00F72872 /* Build configuration list for PBXProject "Access Control" */ = {
			isa = XCConfigurationList;
			buildConfigurations = (
				20111D2C2983D97E00F72872 /* Debug */,
				20111D2D2983D97E00F72872 /* Release */,
			);
			defaultConfigurationIsVisible = 0;
			defaultConfigurationName = Release;
		};
		20111D2E2983D97E00F72872 /* Build configuration list for PBXNativeTarget "Access Control" */ = {
			isa = XCConfigurationList;
			buildConfigurations = (
				20111D2F2983D97E00F72872 /* Debug */,
				20111D302983D97E00F72872 /* Release */,
			);
			defaultConfigurationIsVisible = 0;
			defaultConfigurationName = Release;
		};
		20E29F1E2984127900B0C3CC /* Build configuration list for PBXNativeTarget "BangunDatar" */ = {
			isa = XCConfigurationList;
			buildConfigurations = (
				20E29F1A2984127900B0C3CC /* Debug */,
				20E29F1B2984127900B0C3CC /* Release */,
			);
			defaultConfigurationIsVisible = 0;
			defaultConfigurationName = Release;
		};
		20E29F1F2984127900B0C3CC /* Build configuration list for PBXNativeTarget "BangunDatarTests" */ = {
			isa = XCConfigurationList;
			buildConfigurations = (
				20E29F1C2984127900B0C3CC /* Debug */,
				20E29F1D2984127900B0C3CC /* Release */,
			);
			defaultConfigurationIsVisible = 0;
			defaultConfigurationName = Release;
		};
/* End XCConfigurationList section */
	};
	rootObject = 20111D122983D97B00F72872 /* Project object */;
}
